
Microsoft Visual Studio Solution File, Format Version 12.00
# Visual Studio Version 17
VisualStudioVersion = 17.4.33205.214
MinimumVisualStudioVersion = 10.0.40219.1
Project("{9A19103F-16F7-4668-BE54-9A1E7A4F7556}") = "AzureAdAPI", "AzureAdAPI\AzureAdAPI.csproj", "{06C183B7-BBA9-43AA-B0D6-3BD2F43CB550}"
EndProject
Global
	GlobalSection(SolutionConfigurationPlatforms) = preSolution
		Debug|Any CPU = Debug|Any CPU
		Release|Any CPU = Release|Any CPU
	EndGlobalSection
	GlobalSection(ProjectConfigurationPlatforms) = postSolution
		{06C183B7-BBA9-43AA-B0D6-3BD2F43CB550}.Debug|Any CPU.ActiveCfg = Debug|Any CPU
		{06C183B7-BBA9-43AA-B0D6-3BD2F43CB550}.Debug|Any CPU.Build.0 = Debug|Any CPU
		{06C183B7-BBA9-43AA-B0D6-3BD2F43CB550}.Release|Any CPU.ActiveCfg = Release|Any CPU
		{06C183B7-BBA9-43AA-B0D6-3BD2F43CB550}.Release|Any CPU.Build.0 = Release|Any CPU
	EndGlobalSection
	GlobalSection(SolutionProperties) = preSolution
		HideSolutionNode = FALSE
	EndGlobalSection
	GlobalSection(ExtensibilityGlobals) = postSolution
		SolutionGuid = {1921205A-3C0D-4295-AC28-07BCE46381E4}
	EndGlobalSection
EndGlobal
